<?xml version="1.0" encoding="utf-8"?>
<Project ToolsVersion="4.0" xmlns="http://schemas.microsoft.com/developer/msbuild/2003">
  <ItemGroup>
    <Filter Include="Pliki źródłowe">
      <UniqueIdentifier>{4FC737F1-C7A5-4376-A066-2A32D752A2FF}</UniqueIdentifier>
      <Extensions>cpp;c;cc;cxx;c++;cppm;ixx;def;odl;idl;hpj;bat;asm;asmx</Extensions>
    </Filter>
    <Filter Include="Pliki nagłówkowe">
      <UniqueIdentifier>{93995380-89BD-4b04-88EB-625FBE52EBFB}</UniqueIdentifier>
      <Extensions>h;hh;hpp;hxx;h++;hm;inl;inc;ipp;xsd</Extensions>
    </Filter>
    <Filter Include="Pliki zasobów">
      <UniqueIdentifier>{67DA6AB6-F800-4c08-8B7A-83BB121AAD01}</UniqueIdentifier>
      <Extensions>rc;ico;cur;bmp;dlg;rc2;rct;bin;rgs;gif;jpg;jpeg;jpe;resx;tiff;tif;png;wav;mfcribbon-ms</Extensions>
    </Filter>
    <Filter Include="Algorytmy">
      <UniqueIdentifier>{f36353bc-bbe6-479c-b788-f41f3aa62fdd}</UniqueIdentifier>
    </Filter>
    <Filter Include="Struktury danych">
      <UniqueIdentifier>{a7431bf0-e989-462a-b73f-e1a80f68424f}</UniqueIdentifier>
    </Filter>
  </ItemGroup>
  <ItemGroup>
    <ClCompile Include="WIzualizatorAlgorytmowSciezkowych.cpp">
      <Filter>Pliki źródłowe</Filter>
    </ClCompile>
    <ClCompile Include="Point.cpp">
      <Filter>Struktury danych</Filter>
    </ClCompile>
    <ClCompile Include="Node.cpp">
      <Filter>Struktury danych</Filter>
    </ClCompile>
    <ClCompile Include="Grid.cpp">
      <Filter>Struktury danych</Filter>
    </ClCompile>
    <ClCompile Include="AStar.cpp">
      <Filter>Algorytmy</Filter>
    </ClCompile>
    <ClCompile Include="Dijkstra.cpp">
      <Filter>Algorytmy</Filter>
    </ClCompile>
    <ClCompile Include="BFS.cpp">
      <Filter>Algorytmy</Filter>
    </ClCompile>
    <ClCompile Include="DFS.cpp">
      <Filter>Algorytmy</Filter>
    </ClCompile>
  </ItemGroup>
  <ItemGroup>
    <ClInclude Include="resource.h">
      <Filter>Pliki nagłówkowe</Filter>
    </ClInclude>
    <ClInclude Include="Grid.h">
      <Filter>Struktury danych</Filter>
    </ClInclude>
    <ClInclude Include="Node.h">
      <Filter>Struktury danych</Filter>
    </ClInclude>
    <ClInclude Include="Point.h">
      <Filter>Struktury danych</Filter>
    </ClInclude>
  </ItemGroup>
  <ItemGroup>
    <ResourceCompile Include="WIzualizatorAlgorytmowSciezkowych.rc">
      <Filter>Pliki zasobów</Filter>
    </ResourceCompile>
  </ItemGroup>
</Project>